// !$*UTF8*$!
{
	archiveVersion = 1;
	classes = {
	};
	objectVersion = 50;
	objects = {

/* Begin PBXBuildFile section */
		267865182745AE4C00DF062E /* SimpleChatAppAPI.framework in Frameworks */ = {isa = PBXBuildFile; fileRef = 2678650E2745AE4C00DF062E /* SimpleChatAppAPI.framework */; };
		2678652A2745AF6800DF062E /* CountyCodeService.swift in Sources */ = {isa = PBXBuildFile; fileRef = 267865292745AF6800DF062E /* CountyCodeService.swift */; };
		2678652E2745AFEF00DF062E /* CountryCodesResponse.swift in Sources */ = {isa = PBXBuildFile; fileRef = 2678652D2745AFEF00DF062E /* CountryCodesResponse.swift */; };
		267865312745B04C00DF062E /* CountryCode.swift in Sources */ = {isa = PBXBuildFile; fileRef = 267865302745B04C00DF062E /* CountryCode.swift */; };
		2678653A274840AA00DF062E /* APIManager.swift in Sources */ = {isa = PBXBuildFile; fileRef = 26786539274840AA00DF062E /* APIManager.swift */; };
		2678653D2748443200DF062E /* APIEndpoints.swift in Sources */ = {isa = PBXBuildFile; fileRef = 2678653C2748443200DF062E /* APIEndpoints.swift */; };
		267865482748475200DF062E /* APIError.swift in Sources */ = {isa = PBXBuildFile; fileRef = 267865472748475200DF062E /* APIError.swift */; };
		2678654B274848FD00DF062E /* APIManagerTests.swift in Sources */ = {isa = PBXBuildFile; fileRef = 2678654A274848FD00DF062E /* APIManagerTests.swift */; };
		2678654E27484A5D00DF062E /* APIClientTests.swift in Sources */ = {isa = PBXBuildFile; fileRef = 2678654D27484A5D00DF062E /* APIClientTests.swift */; };
		26786551274854D800DF062E /* Countries.json in Resources */ = {isa = PBXBuildFile; fileRef = 26786550274854D800DF062E /* Countries.json */; };
		26786552274855BF00DF062E /* Countries.json in Resources */ = {isa = PBXBuildFile; fileRef = 26786550274854D800DF062E /* Countries.json */; };
		26786555274AE4F200DF062E /* Optional+Extensions.swift in Sources */ = {isa = PBXBuildFile; fileRef = 26786554274AE4F200DF062E /* Optional+Extensions.swift */; };
		269CE0A1274AEDC9002374A0 /* ExtensionsTests.swift in Sources */ = {isa = PBXBuildFile; fileRef = 269CE0A0274AEDC9002374A0 /* ExtensionsTests.swift */; };
		269CE0A6274AEFF1002374A0 /* countryList.json in Resources */ = {isa = PBXBuildFile; fileRef = 269CE0A5274AEFF1002374A0 /* countryList.json */; };
/* End PBXBuildFile section */

/* Begin PBXContainerItemProxy section */
		267865192745AE4C00DF062E /* PBXContainerItemProxy */ = {
			isa = PBXContainerItemProxy;
			containerPortal = 267865052745AE4C00DF062E /* Project object */;
			proxyType = 1;
			remoteGlobalIDString = 2678650D2745AE4C00DF062E;
			remoteInfo = SimpleChatAppAPI;
		};
/* End PBXContainerItemProxy section */

/* Begin PBXFileReference section */
		2678650E2745AE4C00DF062E /* SimpleChatAppAPI.framework */ = {isa = PBXFileReference; explicitFileType = wrapper.framework; includeInIndex = 0; path = SimpleChatAppAPI.framework; sourceTree = BUILT_PRODUCTS_DIR; };
		267865122745AE4C00DF062E /* Info.plist */ = {isa = PBXFileReference; lastKnownFileType = text.plist.xml; path = Info.plist; sourceTree = "<group>"; };
		267865172745AE4C00DF062E /* SimpleChatAppAPITests.xctest */ = {isa = PBXFileReference; explicitFileType = wrapper.cfbundle; includeInIndex = 0; path = SimpleChatAppAPITests.xctest; sourceTree = BUILT_PRODUCTS_DIR; };
		2678651E2745AE4C00DF062E /* Info.plist */ = {isa = PBXFileReference; lastKnownFileType = text.plist.xml; path = Info.plist; sourceTree = "<group>"; };
		267865292745AF6800DF062E /* CountyCodeService.swift */ = {isa = PBXFileReference; lastKnownFileType = sourcecode.swift; path = CountyCodeService.swift; sourceTree = "<group>"; };
		2678652D2745AFEF00DF062E /* CountryCodesResponse.swift */ = {isa = PBXFileReference; lastKnownFileType = sourcecode.swift; path = CountryCodesResponse.swift; sourceTree = "<group>"; };
		267865302745B04C00DF062E /* CountryCode.swift */ = {isa = PBXFileReference; lastKnownFileType = sourcecode.swift; path = CountryCode.swift; sourceTree = "<group>"; };
		26786539274840AA00DF062E /* APIManager.swift */ = {isa = PBXFileReference; lastKnownFileType = sourcecode.swift; path = APIManager.swift; sourceTree = "<group>"; };
		2678653C2748443200DF062E /* APIEndpoints.swift */ = {isa = PBXFileReference; lastKnownFileType = sourcecode.swift; path = APIEndpoints.swift; sourceTree = "<group>"; };
		267865472748475200DF062E /* APIError.swift */ = {isa = PBXFileReference; lastKnownFileType = sourcecode.swift; path = APIError.swift; sourceTree = "<group>"; };
		2678654A274848FD00DF062E /* APIManagerTests.swift */ = {isa = PBXFileReference; lastKnownFileType = sourcecode.swift; path = APIManagerTests.swift; sourceTree = "<group>"; };
		2678654D27484A5D00DF062E /* APIClientTests.swift */ = {isa = PBXFileReference; lastKnownFileType = sourcecode.swift; path = APIClientTests.swift; sourceTree = "<group>"; };
		26786550274854D800DF062E /* Countries.json */ = {isa = PBXFileReference; lastKnownFileType = text.json; path = Countries.json; sourceTree = "<group>"; };
		26786554274AE4F200DF062E /* Optional+Extensions.swift */ = {isa = PBXFileReference; lastKnownFileType = sourcecode.swift; path = "Optional+Extensions.swift"; sourceTree = "<group>"; };
		269CE0A0274AEDC9002374A0 /* ExtensionsTests.swift */ = {isa = PBXFileReference; lastKnownFileType = sourcecode.swift; path = ExtensionsTests.swift; sourceTree = "<group>"; };
		269CE0A5274AEFF1002374A0 /* countryList.json */ = {isa = PBXFileReference; lastKnownFileType = text.json; path = countryList.json; sourceTree = "<group>"; };
/* End PBXFileReference section */

/* Begin PBXFrameworksBuildPhase section */
		2678650B2745AE4C00DF062E /* Frameworks */ = {
			isa = PBXFrameworksBuildPhase;
			buildActionMask = 2147483647;
			files = (
			);
			runOnlyForDeploymentPostprocessing = 0;
		};
		267865142745AE4C00DF062E /* Frameworks */ = {
			isa = PBXFrameworksBuildPhase;
			buildActionMask = 2147483647;
			files = (
				267865182745AE4C00DF062E /* SimpleChatAppAPI.framework in Frameworks */,
			);
			runOnlyForDeploymentPostprocessing = 0;
		};
/* End PBXFrameworksBuildPhase section */

/* Begin PBXGroup section */
		267865042745AE4C00DF062E = {
			isa = PBXGroup;
			children = (
				267865102745AE4C00DF062E /* SimpleChatAppAPI */,
				2678651B2745AE4C00DF062E /* SimpleChatAppAPITests */,
				2678650F2745AE4C00DF062E /* Products */,
			);
			sourceTree = "<group>";
		};
		2678650F2745AE4C00DF062E /* Products */ = {
			isa = PBXGroup;
			children = (
				2678650E2745AE4C00DF062E /* SimpleChatAppAPI.framework */,
				267865172745AE4C00DF062E /* SimpleChatAppAPITests.xctest */,
			);
			name = Products;
			sourceTree = "<group>";
		};
		267865102745AE4C00DF062E /* SimpleChatAppAPI */ = {
			isa = PBXGroup;
			children = (
				26786553274AE4BD00DF062E /* Extensions */,
				2678654F274854C200DF062E /* Data */,
				267865282745AF5800DF062E /* Client */,
				2678653B2748441F00DF062E /* Common */,
				267865382748409600DF062E /* Manager */,
				2678652F2745B04200DF062E /* Models */,
				2678652C2745AFD300DF062E /* Reponses */,
				267865122745AE4C00DF062E /* Info.plist */,
			);
			path = SimpleChatAppAPI;
			sourceTree = "<group>";
		};
		2678651B2745AE4C00DF062E /* SimpleChatAppAPITests */ = {
			isa = PBXGroup;
			children = (
				269CE0A2274AEFB9002374A0 /* Data */,
				269CE09F274AEDBB002374A0 /* Extensions */,
				2678654C27484A4B00DF062E /* Client */,
				26786549274848E000DF062E /* Manager */,
				2678651E2745AE4C00DF062E /* Info.plist */,
			);
			path = SimpleChatAppAPITests;
			sourceTree = "<group>";
		};
		267865282745AF5800DF062E /* Client */ = {
			isa = PBXGroup;
			children = (
				267865292745AF6800DF062E /* CountyCodeService.swift */,
			);
			path = Client;
			sourceTree = "<group>";
		};
		2678652C2745AFD300DF062E /* Reponses */ = {
			isa = PBXGroup;
			children = (
				2678652D2745AFEF00DF062E /* CountryCodesResponse.swift */,
			);
			path = Reponses;
			sourceTree = "<group>";
		};
		2678652F2745B04200DF062E /* Models */ = {
			isa = PBXGroup;
			children = (
				267865302745B04C00DF062E /* CountryCode.swift */,
			);
			path = Models;
			sourceTree = "<group>";
		};
		267865382748409600DF062E /* Manager */ = {
			isa = PBXGroup;
			children = (
				26786539274840AA00DF062E /* APIManager.swift */,
				2678653C2748443200DF062E /* APIEndpoints.swift */,
				267865472748475200DF062E /* APIError.swift */,
			);
			path = Manager;
			sourceTree = "<group>";
		};
		2678653B2748441F00DF062E /* Common */ = {
			isa = PBXGroup;
			children = (
			);
			path = Common;
			sourceTree = "<group>";
		};
		26786549274848E000DF062E /* Manager */ = {
			isa = PBXGroup;
			children = (
				2678654A274848FD00DF062E /* APIManagerTests.swift */,
			);
			path = Manager;
			sourceTree = "<group>";
		};
		2678654C27484A4B00DF062E /* Client */ = {
			isa = PBXGroup;
			children = (
				2678654D27484A5D00DF062E /* APIClientTests.swift */,
			);
			path = Client;
			sourceTree = "<group>";
		};
		2678654F274854C200DF062E /* Data */ = {
			isa = PBXGroup;
			children = (
				26786550274854D800DF062E /* Countries.json */,
			);
			path = Data;
			sourceTree = "<group>";
		};
		26786553274AE4BD00DF062E /* Extensions */ = {
			isa = PBXGroup;
			children = (
				26786554274AE4F200DF062E /* Optional+Extensions.swift */,
			);
			path = Extensions;
			sourceTree = "<group>";
		};
		269CE09F274AEDBB002374A0 /* Extensions */ = {
			isa = PBXGroup;
			children = (
				269CE0A0274AEDC9002374A0 /* ExtensionsTests.swift */,
			);
			path = Extensions;
			sourceTree = "<group>";
		};
		269CE0A2274AEFB9002374A0 /* Data */ = {
			isa = PBXGroup;
			children = (
				269CE0A5274AEFF1002374A0 /* countryList.json */,
			);
			path = Data;
			sourceTree = "<group>";
		};
/* End PBXGroup section */

/* Begin PBXHeadersBuildPhase section */
		267865092745AE4C00DF062E /* Headers */ = {
			isa = PBXHeadersBuildPhase;
			buildActionMask = 2147483647;
			files = (
			);
			runOnlyForDeploymentPostprocessing = 0;
		};
/* End PBXHeadersBuildPhase section */

/* Begin PBXNativeTarget section */
		2678650D2745AE4C00DF062E /* SimpleChatAppAPI */ = {
			isa = PBXNativeTarget;
			buildConfigurationList = 267865222745AE4C00DF062E /* Build configuration list for PBXNativeTarget "SimpleChatAppAPI" */;
			buildPhases = (
				267865092745AE4C00DF062E /* Headers */,
				2678650A2745AE4C00DF062E /* Sources */,
				2678650B2745AE4C00DF062E /* Frameworks */,
				2678650C2745AE4C00DF062E /* Resources */,
			);
			buildRules = (
			);
			dependencies = (
			);
			name = SimpleChatAppAPI;
			productName = SimpleChatAppAPI;
			productReference = 2678650E2745AE4C00DF062E /* SimpleChatAppAPI.framework */;
			productType = "com.apple.product-type.framework";
		};
		267865162745AE4C00DF062E /* SimpleChatAppAPITests */ = {
			isa = PBXNativeTarget;
			buildConfigurationList = 267865252745AE4C00DF062E /* Build configuration list for PBXNativeTarget "SimpleChatAppAPITests" */;
			buildPhases = (
				267865132745AE4C00DF062E /* Sources */,
				267865142745AE4C00DF062E /* Frameworks */,
				267865152745AE4C00DF062E /* Resources */,
			);
			buildRules = (
			);
			dependencies = (
				2678651A2745AE4C00DF062E /* PBXTargetDependency */,
			);
			name = SimpleChatAppAPITests;
			productName = SimpleChatAppAPITests;
			productReference = 267865172745AE4C00DF062E /* SimpleChatAppAPITests.xctest */;
			productType = "com.apple.product-type.bundle.unit-test";
		};
/* End PBXNativeTarget section */

/* Begin PBXProject section */
		267865052745AE4C00DF062E /* Project object */ = {
			isa = PBXProject;
			attributes = {
				LastSwiftUpdateCheck = 1250;
				LastUpgradeCheck = 1250;
				TargetAttributes = {
					2678650D2745AE4C00DF062E = {
						CreatedOnToolsVersion = 12.5;
						LastSwiftMigration = 1250;
					};
					267865162745AE4C00DF062E = {
						CreatedOnToolsVersion = 12.5;
					};
				};
			};
			buildConfigurationList = 267865082745AE4C00DF062E /* Build configuration list for PBXProject "SimpleChatAppAPI" */;
			compatibilityVersion = "Xcode 9.3";
			developmentRegion = en;
			hasScannedForEncodings = 0;
			knownRegions = (
				en,
				Base,
			);
			mainGroup = 267865042745AE4C00DF062E;
			productRefGroup = 2678650F2745AE4C00DF062E /* Products */;
			projectDirPath = "";
			projectRoot = "";
			targets = (
				2678650D2745AE4C00DF062E /* SimpleChatAppAPI */,
				267865162745AE4C00DF062E /* SimpleChatAppAPITests */,
			);
		};
/* End PBXProject section */

/* Begin PBXResourcesBuildPhase section */
		2678650C2745AE4C00DF062E /* Resources */ = {
			isa = PBXResourcesBuildPhase;
			buildActionMask = 2147483647;
			files = (
				26786551274854D800DF062E /* Countries.json in Resources */,
			);
			runOnlyForDeploymentPostprocessing = 0;
		};
		267865152745AE4C00DF062E /* Resources */ = {
			isa = PBXResourcesBuildPhase;
			buildActionMask = 2147483647;
			files = (
				269CE0A6274AEFF1002374A0 /* countryList.json in Resources */,
				26786552274855BF00DF062E /* Countries.json in Resources */,
			);
			runOnlyForDeploymentPostprocessing = 0;
		};
/* End PBXResourcesBuildPhase section */

/* Begin PBXSourcesBuildPhase section */
		2678650A2745AE4C00DF062E /* Sources */ = {
			isa = PBXSourcesBuildPhase;
			buildActionMask = 2147483647;
			files = (
				2678653D2748443200DF062E /* APIEndpoints.swift in Sources */,
				2678652E2745AFEF00DF062E /* CountryCodesResponse.swift in Sources */,
				26786555274AE4F200DF062E /* Optional+Extensions.swift in Sources */,
				267865312745B04C00DF062E /* CountryCode.swift in Sources */,
				2678653A274840AA00DF062E /* APIManager.swift in Sources */,
				2678652A2745AF6800DF062E /* CountyCodeService.swift in Sources */,
				267865482748475200DF062E /* APIError.swift in Sources */,
			);
			runOnlyForDeploymentPostprocessing = 0;
		};
		267865132745AE4C00DF062E /* Sources */ = {
			isa = PBXSourcesBuildPhase;
			buildActionMask = 2147483647;
			files = (
				2678654E27484A5D00DF062E /* APIClientTests.swift in Sources */,
				269CE0A1274AEDC9002374A0 /* ExtensionsTests.swift in Sources */,
				2678654B274848FD00DF062E /* APIManagerTests.swift in Sources */,
			);
			runOnlyForDeploymentPostprocessing = 0;
		};
/* End PBXSourcesBuildPhase section */

/* Begin PBXTargetDependency section */
		2678651A2745AE4C00DF062E /* PBXTargetDependency */ = {
			isa = PBXTargetDependency;
			target = 2678650D2745AE4C00DF062E /* SimpleChatAppAPI */;
			targetProxy = 267865192745AE4C00DF062E /* PBXContainerItemProxy */;
		};
/* End PBXTargetDependency section */

/* Begin XCBuildConfiguration section */
		267865202745AE4C00DF062E /* Debug */ = {
			isa = XCBuildConfiguration;
			buildSettings = {
				ALWAYS_SEARCH_USER_PATHS = NO;
				CLANG_ANALYZER_NONNULL = YES;
				CLANG_ANALYZER_NUMBER_OBJECT_CONVERSION = YES_AGGRESSIVE;
				CLANG_CXX_LANGUAGE_STANDARD = "gnu++14";
				CLANG_CXX_LIBRARY = "libc++";
				CLANG_ENABLE_MODULES = YES;
				CLANG_ENABLE_OBJC_ARC = YES;
				CLANG_ENABLE_OBJC_WEAK = YES;
				CLANG_WARN_BLOCK_CAPTURE_AUTORELEASING = YES;
				CLANG_WARN_BOOL_CONVERSION = YES;
				CLANG_WARN_COMMA = YES;
				CLANG_WARN_CONSTANT_CONVERSION = YES;
				CLANG_WARN_DEPRECATED_OBJC_IMPLEMENTATIONS = YES;
				CLANG_WARN_DIRECT_OBJC_ISA_USAGE = YES_ERROR;
				CLANG_WARN_DOCUMENTATION_COMMENTS = YES;
				CLANG_WARN_EMPTY_BODY = YES;
				CLANG_WARN_ENUM_CONVERSION = YES;
				CLANG_WARN_INFINITE_RECURSION = YES;
				CLANG_WARN_INT_CONVERSION = YES;
				CLANG_WARN_NON_LITERAL_NULL_CONVERSION = YES;
				CLANG_WARN_OBJC_IMPLICIT_RETAIN_SELF = YES;
				CLANG_WARN_OBJC_LITERAL_CONVERSION = YES;
				CLANG_WARN_OBJC_ROOT_CLASS = YES_ERROR;
				CLANG_WARN_QUOTED_INCLUDE_IN_FRAMEWORK_HEADER = YES;
				CLANG_WARN_RANGE_LOOP_ANALYSIS = YES;
				CLANG_WARN_STRICT_PROTOTYPES = YES;
				CLANG_WARN_SUSPICIOUS_MOVE = YES;
				CLANG_WARN_UNGUARDED_AVAILABILITY = YES_AGGRESSIVE;
				CLANG_WARN_UNREACHABLE_CODE = YES;
				CLANG_WARN__DUPLICATE_METHOD_MATCH = YES;
				COPY_PHASE_STRIP = NO;
				CURRENT_PROJECT_VERSION = 1;
				DEBUG_INFORMATION_FORMAT = dwarf;
				ENABLE_STRICT_OBJC_MSGSEND = YES;
				ENABLE_TESTABILITY = YES;
				GCC_C_LANGUAGE_STANDARD = gnu11;
				GCC_DYNAMIC_NO_PIC = NO;
				GCC_NO_COMMON_BLOCKS = YES;
				GCC_OPTIMIZATION_LEVEL = 0;
				GCC_PREPROCESSOR_DEFINITIONS = (
					"DEBUG=1",
					"$(inherited)",
				);
				GCC_WARN_64_TO_32_BIT_CONVERSION = YES;
				GCC_WARN_ABOUT_RETURN_TYPE = YES_ERROR;
				GCC_WARN_UNDECLARED_SELECTOR = YES;
				GCC_WARN_UNINITIALIZED_AUTOS = YES_AGGRESSIVE;
				GCC_WARN_UNUSED_FUNCTION = YES;
				GCC_WARN_UNUSED_VARIABLE = YES;
				IPHONEOS_DEPLOYMENT_TARGET = 14.5;
				MTL_ENABLE_DEBUG_INFO = INCLUDE_SOURCE;
				MTL_FAST_MATH = YES;
				ONLY_ACTIVE_ARCH = YES;
				SDKROOT = iphoneos;
				SWIFT_ACTIVE_COMPILATION_CONDITIONS = DEBUG;
				SWIFT_OPTIMIZATION_LEVEL = "-Onone";
				VERSIONING_SYSTEM = "apple-generic";
				VERSION_INFO_PREFIX = "";
			};
			name = Debug;
		};
		267865212745AE4C00DF062E /* Release */ = {
			isa = XCBuildConfiguration;
			buildSettings = {
				ALWAYS_SEARCH_USER_PATHS = NO;
				CLANG_ANALYZER_NONNULL = YES;
				CLANG_ANALYZER_NUMBER_OBJECT_CONVERSION = YES_AGGRESSIVE;
				CLANG_CXX_LANGUAGE_STANDARD = "gnu++14";
				CLANG_CXX_LIBRARY = "libc++";
				CLANG_ENABLE_MODULES = YES;
				CLANG_ENABLE_OBJC_ARC = YES;
				CLANG_ENABLE_OBJC_WEAK = YES;
				CLANG_WARN_BLOCK_CAPTURE_AUTORELEASING = YES;
				CLANG_WARN_BOOL_CONVERSION = YES;
				CLANG_WARN_COMMA = YES;
				CLANG_WARN_CONSTANT_CONVERSION = YES;
				CLANG_WARN_DEPRECATED_OBJC_IMPLEMENTATIONS = YES;
				CLANG_WARN_DIRECT_OBJC_ISA_USAGE = YES_ERROR;
				CLANG_WARN_DOCUMENTATION_COMMENTS = YES;
				CLANG_WARN_EMPTY_BODY = YES;
				CLANG_WARN_ENUM_CONVERSION = YES;
				CLANG_WARN_INFINITE_RECURSION = YES;
				CLANG_WARN_INT_CONVERSION = YES;
				CLANG_WARN_NON_LITERAL_NULL_CONVERSION = YES;
				CLANG_WARN_OBJC_IMPLICIT_RETAIN_SELF = YES;
				CLANG_WARN_OBJC_LITERAL_CONVERSION = YES;
				CLANG_WARN_OBJC_ROOT_CLASS = YES_ERROR;
				CLANG_WARN_QUOTED_INCLUDE_IN_FRAMEWORK_HEADER = YES;
				CLANG_WARN_RANGE_LOOP_ANALYSIS = YES;
				CLANG_WARN_STRICT_PROTOTYPES = YES;
				CLANG_WARN_SUSPICIOUS_MOVE = YES;
				CLANG_WARN_UNGUARDED_AVAILABILITY = YES_AGGRESSIVE;
				CLANG_WARN_UNREACHABLE_CODE = YES;
				CLANG_WARN__DUPLICATE_METHOD_MATCH = YES;
				COPY_PHASE_STRIP = NO;
				CURRENT_PROJECT_VERSION = 1;
				DEBUG_INFORMATION_FORMAT = "dwarf-with-dsym";
				ENABLE_NS_ASSERTIONS = NO;
				ENABLE_STRICT_OBJC_MSGSEND = YES;
				GCC_C_LANGUAGE_STANDARD = gnu11;
				GCC_NO_COMMON_BLOCKS = YES;
				GCC_WARN_64_TO_32_BIT_CONVERSION = YES;
				GCC_WARN_ABOUT_RETURN_TYPE = YES_ERROR;
				GCC_WARN_UNDECLARED_SELECTOR = YES;
				GCC_WARN_UNINITIALIZED_AUTOS = YES_AGGRESSIVE;
				GCC_WARN_UNUSED_FUNCTION = YES;
				GCC_WARN_UNUSED_VARIABLE = YES;
				IPHONEOS_DEPLOYMENT_TARGET = 14.5;
				MTL_ENABLE_DEBUG_INFO = NO;
				MTL_FAST_MATH = YES;
				SDKROOT = iphoneos;
				SWIFT_COMPILATION_MODE = wholemodule;
				SWIFT_OPTIMIZATION_LEVEL = "-O";
				VALIDATE_PRODUCT = YES;
				VERSIONING_SYSTEM = "apple-generic";
				VERSION_INFO_PREFIX = "";
			};
			name = Release;
		};
		267865232745AE4C00DF062E /* Debug */ = {
			isa = XCBuildConfiguration;
			buildSettings = {
				CLANG_ENABLE_MODULES = YES;
				CODE_SIGN_STYLE = Automatic;
				DEFINES_MODULE = YES;
				DEVELOPMENT_TEAM = F8J4KLEWB8;
				DYLIB_COMPATIBILITY_VERSION = 1;
				DYLIB_CURRENT_VERSION = 1;
				DYLIB_INSTALL_NAME_BASE = "@rpath";
				INFOPLIST_FILE = SimpleChatAppAPI/Info.plist;
				INSTALL_PATH = "$(LOCAL_LIBRARY_DIR)/Frameworks";
				LD_RUNPATH_SEARCH_PATHS = (
					"$(inherited)",
					"@executable_path/Frameworks",
					"@loader_path/Frameworks",
				);
				PRODUCT_BUNDLE_IDENTIFIER = com.ia.SimpleChatAppAPI;
				PRODUCT_NAME = "$(TARGET_NAME:c99extidentifier)";
				SKIP_INSTALL = YES;
				SWIFT_OPTIMIZATION_LEVEL = "-Onone";
				SWIFT_VERSION = 5.0;
				TARGETED_DEVICE_FAMILY = "1,2";
			};
			name = Debug;
		};
		267865242745AE4C00DF062E /* Release */ = {
			isa = XCBuildConfiguration;
			buildSettings = {
				CLANG_ENABLE_MODULES = YES;
				CODE_SIGN_STYLE = Automatic;
				DEFINES_MODULE = YES;
				DEVELOPMENT_TEAM = F8J4KLEWB8;
				DYLIB_COMPATIBILITY_VERSION = 1;
				DYLIB_CURRENT_VERSION = 1;
				DYLIB_INSTALL_NAME_BASE = "@rpath";
				INFOPLIST_FILE = SimpleChatAppAPI/Info.plist;
				INSTALL_PATH = "$(LOCAL_LIBRARY_DIR)/Frameworks";
				LD_RUNPATH_SEARCH_PATHS = (
					"$(inherited)",
					"@executable_path/Frameworks",
					"@loader_path/Frameworks",
				);
				PRODUCT_BUNDLE_IDENTIFIER = com.ia.SimpleChatAppAPI;
				PRODUCT_NAME = "$(TARGET_NAME:c99extidentifier)";
				SKIP_INSTALL = YES;
				SWIFT_VERSION = 5.0;
				TARGETED_DEVICE_FAMILY = "1,2";
			};
			name = Release;
		};
		267865262745AE4C00DF062E /* Debug */ = {
			isa = XCBuildConfiguration;
			buildSettings = {
				ALWAYS_EMBED_SWIFT_STANDARD_LIBRARIES = YES;
				CODE_SIGN_STYLE = Automatic;
				DEVELOPMENT_TEAM = F8J4KLEWB8;
				INFOPLIST_FILE = SimpleChatAppAPITests/Info.plist;
				LD_RUNPATH_SEARCH_PATHS = (
					"$(inherited)",
					"@executable_path/Frameworks",
					"@loader_path/Frameworks",
				);
				PRODUCT_BUNDLE_IDENTIFIER = com.ia.SimpleChatAppAPITests;
				PRODUCT_NAME = "$(TARGET_NAME)";
				SWIFT_VERSION = 5.0;
				TARGETED_DEVICE_FAMILY = "1,2";
			};
			name = Debug;
		};
		267865272745AE4C00DF062E /* Release */ = {
			isa = XCBuildConfiguration;
			buildSettings = {
				ALWAYS_EMBED_SWIFT_STANDARD_LIBRARIES = YES;
				CODE_SIGN_STYLE = Automatic;
				DEVELOPMENT_TEAM = F8J4KLEWB8;
				INFOPLIST_FILE = SimpleChatAppAPITests/Info.plist;
				LD_RUNPATH_SEARCH_PATHS = (
					"$(inherited)",
					"@executable_path/Frameworks",
					"@loader_path/Frameworks",
				);
				PRODUCT_BUNDLE_IDENTIFIER = com.ia.SimpleChatAppAPITests;
				PRODUCT_NAME = "$(TARGET_NAME)";
				SWIFT_VERSION = 5.0;
				TARGETED_DEVICE_FAMILY = "1,2";
			};
			name = Release;
		};
/* End XCBuildConfiguration section */

/* Begin XCConfigurationList section */
		267865082745AE4C00DF062E /* Build configuration list for PBXProject "SimpleChatAppAPI" */ = {
			isa = XCConfigurationList;
			buildConfigurations = (
				267865202745AE4C00DF062E /* Debug */,
				267865212745AE4C00DF062E /* Release */,
			);
			defaultConfigurationIsVisible = 0;
			defaultConfigurationName = Release;
		};
		267865222745AE4C00DF062E /* Build configuration list for PBXNativeTarget "SimpleChatAppAPI" */ = {
			isa = XCConfigurationList;
			buildConfigurations = (
				267865232745AE4C00DF062E /* Debug */,
				267865242745AE4C00DF062E /* Release */,
			);
			defaultConfigurationIsVisible = 0;
			defaultConfigurationName = Release;
		};
		267865252745AE4C00DF062E /* Build configuration list for PBXNativeTarget "SimpleChatAppAPITests" */ = {
			isa = XCConfigurationList;
			buildConfigurations = (
				267865262745AE4C00DF062E /* Debug */,
				267865272745AE4C00DF062E /* Release */,
			);
			defaultConfigurationIsVisible = 0;
			defaultConfigurationName = Release;
		};
/* End XCConfigurationList section */
	};
	rootObject = 267865052745AE4C00DF062E /* Project object */;
}
