// !$*UTF8*$!
{
	archiveVersion = 1;
	classes = {
	};
	objectVersion = 51;
	objects = {

/* Begin PBXBuildFile section */
		260A5F61275565B6004EE581 /* GoogleService-Info.plist in Resources */ = {isa = PBXBuildFile; fileRef = 260A5F60275565B6004EE581 /* GoogleService-Info.plist */; };
		261146DE2758065300032BB6 /* SMSVerificationViewController.swift in Sources */ = {isa = PBXBuildFile; fileRef = 261146DD2758065300032BB6 /* SMSVerificationViewController.swift */; };
		261146E02758066300032BB6 /* SMSVerificationViewModel.swift in Sources */ = {isa = PBXBuildFile; fileRef = 261146DF2758066300032BB6 /* SMSVerificationViewModel.swift */; };
		261AC059273C67E200F3F1EA /* AppDelegate.swift in Sources */ = {isa = PBXBuildFile; fileRef = 261AC058273C67E200F3F1EA /* AppDelegate.swift */; };
		261AC060273C67E200F3F1EA /* Main.storyboard in Resources */ = {isa = PBXBuildFile; fileRef = 261AC05E273C67E200F3F1EA /* Main.storyboard */; };
		261AC062273C67E300F3F1EA /* Assets.xcassets in Resources */ = {isa = PBXBuildFile; fileRef = 261AC061273C67E300F3F1EA /* Assets.xcassets */; };
		261AC065273C67E300F3F1EA /* LaunchScreen.storyboard in Resources */ = {isa = PBXBuildFile; fileRef = 261AC063273C67E300F3F1EA /* LaunchScreen.storyboard */; };
		261AC070273C67E400F3F1EA /* SimpleChatAppTests.swift in Sources */ = {isa = PBXBuildFile; fileRef = 261AC06F273C67E400F3F1EA /* SimpleChatAppTests.swift */; };
		261AC07B273C67E400F3F1EA /* SimpleChatAppUITests.swift in Sources */ = {isa = PBXBuildFile; fileRef = 261AC07A273C67E400F3F1EA /* SimpleChatAppUITests.swift */; };
		261AC092273C746B00F3F1EA /* SignInCoordinator.swift in Sources */ = {isa = PBXBuildFile; fileRef = 261AC091273C746B00F3F1EA /* SignInCoordinator.swift */; };
		261AC094273C748400F3F1EA /* SignIn.storyboard in Resources */ = {isa = PBXBuildFile; fileRef = 261AC093273C748400F3F1EA /* SignIn.storyboard */; };
		261AC098273C74AC00F3F1EA /* SignInViewModel.swift in Sources */ = {isa = PBXBuildFile; fileRef = 261AC097273C74AC00F3F1EA /* SignInViewModel.swift */; };
		261AC09E273C769500F3F1EA /* AppStoryboard.swift in Sources */ = {isa = PBXBuildFile; fileRef = 261AC09D273C769500F3F1EA /* AppStoryboard.swift */; };
		261AC0A1273C78BE00F3F1EA /* utils.swift in Sources */ = {isa = PBXBuildFile; fileRef = 261AC0A0273C78BE00F3F1EA /* utils.swift */; };
		2649D898273F1D0200C36611 /* SignInViewController.swift in Sources */ = {isa = PBXBuildFile; fileRef = 2649D897273F1D0200C36611 /* SignInViewController.swift */; };
		2649D89A274037BB00C36611 /* AppCoordinator.swift in Sources */ = {isa = PBXBuildFile; fileRef = 2649D899274037BB00C36611 /* AppCoordinator.swift */; };
		2649D89C2740495A00C36611 /* SceneDelegate.swift in Sources */ = {isa = PBXBuildFile; fileRef = 2649D89B2740495A00C36611 /* SceneDelegate.swift */; };
		2649D8A127430A5B00C36611 /* Storyboardable.swift in Sources */ = {isa = PBXBuildFile; fileRef = 2649D8A027430A5B00C36611 /* Storyboardable.swift */; };
		2649D8A3274313FD00C36611 /* Coordinator.swift in Sources */ = {isa = PBXBuildFile; fileRef = 2649D8A2274313FD00C36611 /* Coordinator.swift */; };
		2649D8A627444A7D00C36611 /* MainCoordinator.swift in Sources */ = {isa = PBXBuildFile; fileRef = 2649D8A527444A7D00C36611 /* MainCoordinator.swift */; };
		2649D8A827444AB100C36611 /* MainViewController.swift in Sources */ = {isa = PBXBuildFile; fileRef = 2649D8A727444AB100C36611 /* MainViewController.swift */; };
		2649D8AA27444ADB00C36611 /* MainViewModel.swift in Sources */ = {isa = PBXBuildFile; fileRef = 2649D8A927444ADB00C36611 /* MainViewModel.swift */; };
		2649D8AE27444C5A00C36611 /* MainTabBarViewController.swift in Sources */ = {isa = PBXBuildFile; fileRef = 2649D8AD27444C5A00C36611 /* MainTabBarViewController.swift */; };
		2649D8B12744566300C36611 /* UITextView+Extensions.swift in Sources */ = {isa = PBXBuildFile; fileRef = 2649D8B02744566300C36611 /* UITextView+Extensions.swift */; };
		2649D8B32745A20700C36611 /* VerifyPhoneNumberViewController.swift in Sources */ = {isa = PBXBuildFile; fileRef = 2649D8B22745A20700C36611 /* VerifyPhoneNumberViewController.swift */; };
		2649D8B62745A24E00C36611 /* VerifyPhoneNumberViewModel.swift in Sources */ = {isa = PBXBuildFile; fileRef = 2649D8B52745A24E00C36611 /* VerifyPhoneNumberViewModel.swift */; };
		269CE0A8274EE395002374A0 /* KeyboardLayoutConstraint.swift in Sources */ = {isa = PBXBuildFile; fileRef = 269CE0A7274EE395002374A0 /* KeyboardLayoutConstraint.swift */; };
		269CE0AA274EEBFE002374A0 /* UITextField+Extensions.swift in Sources */ = {isa = PBXBuildFile; fileRef = 269CE0A9274EEBFE002374A0 /* UITextField+Extensions.swift */; };
		269CE0AC27503500002374A0 /* CountryCodeListViewController.swift in Sources */ = {isa = PBXBuildFile; fileRef = 269CE0AB27503500002374A0 /* CountryCodeListViewController.swift */; };
		269CE0AE2750362D002374A0 /* CountryCodeListViewModel.swift in Sources */ = {isa = PBXBuildFile; fileRef = 269CE0AD2750362D002374A0 /* CountryCodeListViewModel.swift */; };
		269CE0B127516EEF002374A0 /* CountryCodeTableViewCell.xib in Resources */ = {isa = PBXBuildFile; fileRef = 269CE0B027516EEF002374A0 /* CountryCodeTableViewCell.xib */; };
		269CE0B527517962002374A0 /* CountryCodeTableViewCell.swift in Sources */ = {isa = PBXBuildFile; fileRef = 269CE0B427517962002374A0 /* CountryCodeTableViewCell.swift */; };
		269CE0B72751810F002374A0 /* UITableViewCell+Extensions.swift in Sources */ = {isa = PBXBuildFile; fileRef = 269CE0B62751810F002374A0 /* UITableViewCell+Extensions.swift */; };
		26A5820427556E2C00199A43 /* SimpleChatAppAPI.framework in Frameworks */ = {isa = PBXBuildFile; fileRef = 26A5820327556E2C00199A43 /* SimpleChatAppAPI.framework */; };
		2C713537024608F10AFC3F32 /* Pods_SimpleChatApp_SimpleChatAppUITests.framework in Frameworks */ = {isa = PBXBuildFile; fileRef = 4C68F2973F4BDDB5DCFEFC7C /* Pods_SimpleChatApp_SimpleChatAppUITests.framework */; };
		8957006CE1DB698BC0C421A1 /* Pods_SimpleChatApp.framework in Frameworks */ = {isa = PBXBuildFile; fileRef = 314B1A90B54BC835DA544509 /* Pods_SimpleChatApp.framework */; };
		E230619A424B424E49422B09 /* Pods_SimpleChatAppTests.framework in Frameworks */ = {isa = PBXBuildFile; fileRef = 92A0569900B0FA44019EBD5E /* Pods_SimpleChatAppTests.framework */; };
/* End PBXBuildFile section */

/* Begin PBXContainerItemProxy section */
		261AC06C273C67E400F3F1EA /* PBXContainerItemProxy */ = {
			isa = PBXContainerItemProxy;
			containerPortal = 261AC04D273C67E200F3F1EA /* Project object */;
			proxyType = 1;
			remoteGlobalIDString = 261AC054273C67E200F3F1EA;
			remoteInfo = SimpleChatApp;
		};
		261AC077273C67E400F3F1EA /* PBXContainerItemProxy */ = {
			isa = PBXContainerItemProxy;
			containerPortal = 261AC04D273C67E200F3F1EA /* Project object */;
			proxyType = 1;
			remoteGlobalIDString = 261AC054273C67E200F3F1EA;
			remoteInfo = SimpleChatApp;
		};
/* End PBXContainerItemProxy section */

/* Begin PBXFileReference section */
		1AD5E4EEDD4364971B364B79 /* Pods-SimpleChatApp.release.xcconfig */ = {isa = PBXFileReference; includeInIndex = 1; lastKnownFileType = text.xcconfig; name = "Pods-SimpleChatApp.release.xcconfig"; path = "Target Support Files/Pods-SimpleChatApp/Pods-SimpleChatApp.release.xcconfig"; sourceTree = "<group>"; };
		260A5F60275565B6004EE581 /* GoogleService-Info.plist */ = {isa = PBXFileReference; fileEncoding = 4; lastKnownFileType = text.plist.xml; path = "GoogleService-Info.plist"; sourceTree = "<group>"; };
		261146DD2758065300032BB6 /* SMSVerificationViewController.swift */ = {isa = PBXFileReference; lastKnownFileType = sourcecode.swift; path = SMSVerificationViewController.swift; sourceTree = "<group>"; };
		261146DF2758066300032BB6 /* SMSVerificationViewModel.swift */ = {isa = PBXFileReference; lastKnownFileType = sourcecode.swift; path = SMSVerificationViewModel.swift; sourceTree = "<group>"; };
		261AC055273C67E200F3F1EA /* SimpleChatApp.app */ = {isa = PBXFileReference; explicitFileType = wrapper.application; includeInIndex = 0; path = SimpleChatApp.app; sourceTree = BUILT_PRODUCTS_DIR; };
		261AC058273C67E200F3F1EA /* AppDelegate.swift */ = {isa = PBXFileReference; lastKnownFileType = sourcecode.swift; path = AppDelegate.swift; sourceTree = "<group>"; };
		261AC05F273C67E200F3F1EA /* Base */ = {isa = PBXFileReference; lastKnownFileType = file.storyboard; name = Base; path = Base.lproj/Main.storyboard; sourceTree = "<group>"; };
		261AC061273C67E300F3F1EA /* Assets.xcassets */ = {isa = PBXFileReference; lastKnownFileType = folder.assetcatalog; path = Assets.xcassets; sourceTree = "<group>"; };
		261AC064273C67E300F3F1EA /* Base */ = {isa = PBXFileReference; lastKnownFileType = file.storyboard; name = Base; path = Base.lproj/LaunchScreen.storyboard; sourceTree = "<group>"; };
		261AC066273C67E300F3F1EA /* Info.plist */ = {isa = PBXFileReference; lastKnownFileType = text.plist.xml; path = Info.plist; sourceTree = "<group>"; };
		261AC06B273C67E400F3F1EA /* SimpleChatAppTests.xctest */ = {isa = PBXFileReference; explicitFileType = wrapper.cfbundle; includeInIndex = 0; path = SimpleChatAppTests.xctest; sourceTree = BUILT_PRODUCTS_DIR; };
		261AC06F273C67E400F3F1EA /* SimpleChatAppTests.swift */ = {isa = PBXFileReference; lastKnownFileType = sourcecode.swift; path = SimpleChatAppTests.swift; sourceTree = "<group>"; };
		261AC071273C67E400F3F1EA /* Info.plist */ = {isa = PBXFileReference; lastKnownFileType = text.plist.xml; path = Info.plist; sourceTree = "<group>"; };
		261AC076273C67E400F3F1EA /* SimpleChatAppUITests.xctest */ = {isa = PBXFileReference; explicitFileType = wrapper.cfbundle; includeInIndex = 0; path = SimpleChatAppUITests.xctest; sourceTree = BUILT_PRODUCTS_DIR; };
		261AC07A273C67E400F3F1EA /* SimpleChatAppUITests.swift */ = {isa = PBXFileReference; lastKnownFileType = sourcecode.swift; path = SimpleChatAppUITests.swift; sourceTree = "<group>"; };
		261AC07C273C67E400F3F1EA /* Info.plist */ = {isa = PBXFileReference; lastKnownFileType = text.plist.xml; path = Info.plist; sourceTree = "<group>"; };
		261AC091273C746B00F3F1EA /* SignInCoordinator.swift */ = {isa = PBXFileReference; lastKnownFileType = sourcecode.swift; path = SignInCoordinator.swift; sourceTree = "<group>"; };
		261AC093273C748400F3F1EA /* SignIn.storyboard */ = {isa = PBXFileReference; lastKnownFileType = file.storyboard; path = SignIn.storyboard; sourceTree = "<group>"; };
		261AC097273C74AC00F3F1EA /* SignInViewModel.swift */ = {isa = PBXFileReference; lastKnownFileType = sourcecode.swift; path = SignInViewModel.swift; sourceTree = "<group>"; };
		261AC09D273C769500F3F1EA /* AppStoryboard.swift */ = {isa = PBXFileReference; lastKnownFileType = sourcecode.swift; path = AppStoryboard.swift; sourceTree = "<group>"; };
		261AC0A0273C78BE00F3F1EA /* utils.swift */ = {isa = PBXFileReference; lastKnownFileType = sourcecode.swift; path = utils.swift; sourceTree = "<group>"; };
		2649D897273F1D0200C36611 /* SignInViewController.swift */ = {isa = PBXFileReference; lastKnownFileType = sourcecode.swift; path = SignInViewController.swift; sourceTree = "<group>"; };
		2649D899274037BB00C36611 /* AppCoordinator.swift */ = {isa = PBXFileReference; lastKnownFileType = sourcecode.swift; path = AppCoordinator.swift; sourceTree = "<group>"; };
		2649D89B2740495A00C36611 /* SceneDelegate.swift */ = {isa = PBXFileReference; fileEncoding = 4; lastKnownFileType = sourcecode.swift; path = SceneDelegate.swift; sourceTree = "<group>"; };
		2649D8A027430A5B00C36611 /* Storyboardable.swift */ = {isa = PBXFileReference; lastKnownFileType = sourcecode.swift; path = Storyboardable.swift; sourceTree = "<group>"; };
		2649D8A2274313FD00C36611 /* Coordinator.swift */ = {isa = PBXFileReference; lastKnownFileType = sourcecode.swift; path = Coordinator.swift; sourceTree = "<group>"; };
		2649D8A527444A7D00C36611 /* MainCoordinator.swift */ = {isa = PBXFileReference; lastKnownFileType = sourcecode.swift; path = MainCoordinator.swift; sourceTree = "<group>"; };
		2649D8A727444AB100C36611 /* MainViewController.swift */ = {isa = PBXFileReference; lastKnownFileType = sourcecode.swift; path = MainViewController.swift; sourceTree = "<group>"; };
		2649D8A927444ADB00C36611 /* MainViewModel.swift */ = {isa = PBXFileReference; lastKnownFileType = sourcecode.swift; path = MainViewModel.swift; sourceTree = "<group>"; };
		2649D8AD27444C5A00C36611 /* MainTabBarViewController.swift */ = {isa = PBXFileReference; lastKnownFileType = sourcecode.swift; path = MainTabBarViewController.swift; sourceTree = "<group>"; };
		2649D8B02744566300C36611 /* UITextView+Extensions.swift */ = {isa = PBXFileReference; lastKnownFileType = sourcecode.swift; path = "UITextView+Extensions.swift"; sourceTree = "<group>"; };
		2649D8B22745A20700C36611 /* VerifyPhoneNumberViewController.swift */ = {isa = PBXFileReference; lastKnownFileType = sourcecode.swift; path = VerifyPhoneNumberViewController.swift; sourceTree = "<group>"; };
		2649D8B52745A24E00C36611 /* VerifyPhoneNumberViewModel.swift */ = {isa = PBXFileReference; lastKnownFileType = sourcecode.swift; path = VerifyPhoneNumberViewModel.swift; sourceTree = "<group>"; };
		267865332745B12800DF062E /* SimpleChatAppAPI.framework */ = {isa = PBXFileReference; explicitFileType = wrapper.framework; path = SimpleChatAppAPI.framework; sourceTree = BUILT_PRODUCTS_DIR; };
		269CE0A7274EE395002374A0 /* KeyboardLayoutConstraint.swift */ = {isa = PBXFileReference; lastKnownFileType = sourcecode.swift; path = KeyboardLayoutConstraint.swift; sourceTree = "<group>"; };
		269CE0A9274EEBFE002374A0 /* UITextField+Extensions.swift */ = {isa = PBXFileReference; lastKnownFileType = sourcecode.swift; path = "UITextField+Extensions.swift"; sourceTree = "<group>"; };
		269CE0AB27503500002374A0 /* CountryCodeListViewController.swift */ = {isa = PBXFileReference; lastKnownFileType = sourcecode.swift; path = CountryCodeListViewController.swift; sourceTree = "<group>"; };
		269CE0AD2750362D002374A0 /* CountryCodeListViewModel.swift */ = {isa = PBXFileReference; lastKnownFileType = sourcecode.swift; path = CountryCodeListViewModel.swift; sourceTree = "<group>"; };
		269CE0B027516EEF002374A0 /* CountryCodeTableViewCell.xib */ = {isa = PBXFileReference; lastKnownFileType = file.xib; path = CountryCodeTableViewCell.xib; sourceTree = "<group>"; };
		269CE0B427517962002374A0 /* CountryCodeTableViewCell.swift */ = {isa = PBXFileReference; lastKnownFileType = sourcecode.swift; path = CountryCodeTableViewCell.swift; sourceTree = "<group>"; };
		269CE0B62751810F002374A0 /* UITableViewCell+Extensions.swift */ = {isa = PBXFileReference; lastKnownFileType = sourcecode.swift; path = "UITableViewCell+Extensions.swift"; sourceTree = "<group>"; };
		26A5820327556E2C00199A43 /* SimpleChatAppAPI.framework */ = {isa = PBXFileReference; explicitFileType = wrapper.framework; path = SimpleChatAppAPI.framework; sourceTree = BUILT_PRODUCTS_DIR; };
		314B1A90B54BC835DA544509 /* Pods_SimpleChatApp.framework */ = {isa = PBXFileReference; explicitFileType = wrapper.framework; includeInIndex = 0; path = Pods_SimpleChatApp.framework; sourceTree = BUILT_PRODUCTS_DIR; };
		4C68F2973F4BDDB5DCFEFC7C /* Pods_SimpleChatApp_SimpleChatAppUITests.framework */ = {isa = PBXFileReference; explicitFileType = wrapper.framework; includeInIndex = 0; path = Pods_SimpleChatApp_SimpleChatAppUITests.framework; sourceTree = BUILT_PRODUCTS_DIR; };
		57509094D0A8D5B8B73A69BE /* Pods-SimpleChatApp.debug.xcconfig */ = {isa = PBXFileReference; includeInIndex = 1; lastKnownFileType = text.xcconfig; name = "Pods-SimpleChatApp.debug.xcconfig"; path = "Target Support Files/Pods-SimpleChatApp/Pods-SimpleChatApp.debug.xcconfig"; sourceTree = "<group>"; };
		92A0569900B0FA44019EBD5E /* Pods_SimpleChatAppTests.framework */ = {isa = PBXFileReference; explicitFileType = wrapper.framework; includeInIndex = 0; path = Pods_SimpleChatAppTests.framework; sourceTree = BUILT_PRODUCTS_DIR; };
		BDFD2C749BC66B5FAE947E08 /* Pods-SimpleChatAppTests.debug.xcconfig */ = {isa = PBXFileReference; includeInIndex = 1; lastKnownFileType = text.xcconfig; name = "Pods-SimpleChatAppTests.debug.xcconfig"; path = "Target Support Files/Pods-SimpleChatAppTests/Pods-SimpleChatAppTests.debug.xcconfig"; sourceTree = "<group>"; };
		D0AB81E71D8441A2A0A54601 /* Pods-SimpleChatApp-SimpleChatAppUITests.release.xcconfig */ = {isa = PBXFileReference; includeInIndex = 1; lastKnownFileType = text.xcconfig; name = "Pods-SimpleChatApp-SimpleChatAppUITests.release.xcconfig"; path = "Target Support Files/Pods-SimpleChatApp-SimpleChatAppUITests/Pods-SimpleChatApp-SimpleChatAppUITests.release.xcconfig"; sourceTree = "<group>"; };
		DFB18A7BFEFEE159FDD40A1F /* Pods-SimpleChatApp-SimpleChatAppUITests.debug.xcconfig */ = {isa = PBXFileReference; includeInIndex = 1; lastKnownFileType = text.xcconfig; name = "Pods-SimpleChatApp-SimpleChatAppUITests.debug.xcconfig"; path = "Target Support Files/Pods-SimpleChatApp-SimpleChatAppUITests/Pods-SimpleChatApp-SimpleChatAppUITests.debug.xcconfig"; sourceTree = "<group>"; };
		E5656A2349709E5C8940223A /* Pods-SimpleChatAppTests.release.xcconfig */ = {isa = PBXFileReference; includeInIndex = 1; lastKnownFileType = text.xcconfig; name = "Pods-SimpleChatAppTests.release.xcconfig"; path = "Target Support Files/Pods-SimpleChatAppTests/Pods-SimpleChatAppTests.release.xcconfig"; sourceTree = "<group>"; };
/* End PBXFileReference section */

/* Begin PBXFrameworksBuildPhase section */
		261AC052273C67E200F3F1EA /* Frameworks */ = {
			isa = PBXFrameworksBuildPhase;
			buildActionMask = 2147483647;
			files = (
				26A5820427556E2C00199A43 /* SimpleChatAppAPI.framework in Frameworks */,
				8957006CE1DB698BC0C421A1 /* Pods_SimpleChatApp.framework in Frameworks */,
			);
			runOnlyForDeploymentPostprocessing = 0;
		};
		261AC068273C67E400F3F1EA /* Frameworks */ = {
			isa = PBXFrameworksBuildPhase;
			buildActionMask = 2147483647;
			files = (
				E230619A424B424E49422B09 /* Pods_SimpleChatAppTests.framework in Frameworks */,
			);
			runOnlyForDeploymentPostprocessing = 0;
		};
		261AC073273C67E400F3F1EA /* Frameworks */ = {
			isa = PBXFrameworksBuildPhase;
			buildActionMask = 2147483647;
			files = (
				2C713537024608F10AFC3F32 /* Pods_SimpleChatApp_SimpleChatAppUITests.framework in Frameworks */,
			);
			runOnlyForDeploymentPostprocessing = 0;
		};
/* End PBXFrameworksBuildPhase section */

/* Begin PBXGroup section */
		261AC04C273C67E200F3F1EA = {
			isa = PBXGroup;
			children = (
				261AC057273C67E200F3F1EA /* SimpleChatApp */,
				261AC06E273C67E400F3F1EA /* SimpleChatAppTests */,
				261AC079273C67E400F3F1EA /* SimpleChatAppUITests */,
				261AC056273C67E200F3F1EA /* Products */,
				267865322745B12800DF062E /* Frameworks */,
				AEFB8C2F06E8B224A94CAB17 /* Pods */,
			);
			sourceTree = "<group>";
		};
		261AC056273C67E200F3F1EA /* Products */ = {
			isa = PBXGroup;
			children = (
				261AC055273C67E200F3F1EA /* SimpleChatApp.app */,
				261AC06B273C67E400F3F1EA /* SimpleChatAppTests.xctest */,
				261AC076273C67E400F3F1EA /* SimpleChatAppUITests.xctest */,
			);
			name = Products;
			sourceTree = "<group>";
		};
		261AC057273C67E200F3F1EA /* SimpleChatApp */ = {
			isa = PBXGroup;
			children = (
				260A5F60275565B6004EE581 /* GoogleService-Info.plist */,
				269CE0AF27516AE0002374A0 /* TableViewCell */,
				2649D8B82745A45E00C36611 /* Core */,
				2649D8AF2744564B00C36611 /* Extensions */,
				261AC090273C744F00F3F1EA /* SignIn */,
				2649D8A427444A6A00C36611 /* Main */,
				2649D89D2740495E00C36611 /* App */,
				261AC088273C6BBB00F3F1EA /* Coordinators */,
				261AC09F273C78B200F3F1EA /* Utils */,
				261AC09C273C768500F3F1EA /* Models */,
				261AC099273C761300F3F1EA /* Protocols */,
				261AC066273C67E300F3F1EA /* Info.plist */,
			);
			path = SimpleChatApp;
			sourceTree = "<group>";
		};
		261AC06E273C67E400F3F1EA /* SimpleChatAppTests */ = {
			isa = PBXGroup;
			children = (
				261AC06F273C67E400F3F1EA /* SimpleChatAppTests.swift */,
				261AC071273C67E400F3F1EA /* Info.plist */,
			);
			path = SimpleChatAppTests;
			sourceTree = "<group>";
		};
		261AC079273C67E400F3F1EA /* SimpleChatAppUITests */ = {
			isa = PBXGroup;
			children = (
				261AC07A273C67E400F3F1EA /* SimpleChatAppUITests.swift */,
				261AC07C273C67E400F3F1EA /* Info.plist */,
			);
			path = SimpleChatAppUITests;
			sourceTree = "<group>";
		};
		261AC088273C6BBB00F3F1EA /* Coordinators */ = {
			isa = PBXGroup;
			children = (
				2649D899274037BB00C36611 /* AppCoordinator.swift */,
				2649D8A2274313FD00C36611 /* Coordinator.swift */,
			);
			path = Coordinators;
			sourceTree = "<group>";
		};
		261AC090273C744F00F3F1EA /* SignIn */ = {
			isa = PBXGroup;
			children = (
				2649D8BC2745A4B200C36611 /* Models */,
				2649D8B42745A23600C36611 /* ViewModel */,
				2649D8B72745A25300C36611 /* Controllers */,
				261AC091273C746B00F3F1EA /* SignInCoordinator.swift */,
				261AC093273C748400F3F1EA /* SignIn.storyboard */,
			);
			path = SignIn;
			sourceTree = "<group>";
		};
		261AC099273C761300F3F1EA /* Protocols */ = {
			isa = PBXGroup;
			children = (
				2649D8A027430A5B00C36611 /* Storyboardable.swift */,
			);
			path = Protocols;
			sourceTree = "<group>";
		};
		261AC09C273C768500F3F1EA /* Models */ = {
			isa = PBXGroup;
			children = (
				261AC09D273C769500F3F1EA /* AppStoryboard.swift */,
			);
			path = Models;
			sourceTree = "<group>";
		};
		261AC09F273C78B200F3F1EA /* Utils */ = {
			isa = PBXGroup;
			children = (
				261AC0A0273C78BE00F3F1EA /* utils.swift */,
				269CE0A7274EE395002374A0 /* KeyboardLayoutConstraint.swift */,
			);
			path = Utils;
			sourceTree = "<group>";
		};
		2649D89D2740495E00C36611 /* App */ = {
			isa = PBXGroup;
			children = (
				261AC061273C67E300F3F1EA /* Assets.xcassets */,
				2649D89B2740495A00C36611 /* SceneDelegate.swift */,
				261AC058273C67E200F3F1EA /* AppDelegate.swift */,
				261AC063273C67E300F3F1EA /* LaunchScreen.storyboard */,
			);
			path = App;
			sourceTree = "<group>";
		};
		2649D8A427444A6A00C36611 /* Main */ = {
			isa = PBXGroup;
			children = (
				261AC05E273C67E200F3F1EA /* Main.storyboard */,
				2649D8A527444A7D00C36611 /* MainCoordinator.swift */,
				2649D8A727444AB100C36611 /* MainViewController.swift */,
				2649D8A927444ADB00C36611 /* MainViewModel.swift */,
				2649D8AD27444C5A00C36611 /* MainTabBarViewController.swift */,
			);
			path = Main;
			sourceTree = "<group>";
		};
		2649D8AF2744564B00C36611 /* Extensions */ = {
			isa = PBXGroup;
			children = (
				2649D8B02744566300C36611 /* UITextView+Extensions.swift */,
				269CE0A9274EEBFE002374A0 /* UITextField+Extensions.swift */,
				269CE0B62751810F002374A0 /* UITableViewCell+Extensions.swift */,
			);
			path = Extensions;
			sourceTree = "<group>";
		};
		2649D8B42745A23600C36611 /* ViewModel */ = {
			isa = PBXGroup;
			children = (
				261AC097273C74AC00F3F1EA /* SignInViewModel.swift */,
				2649D8B52745A24E00C36611 /* VerifyPhoneNumberViewModel.swift */,
				269CE0AD2750362D002374A0 /* CountryCodeListViewModel.swift */,
				261146DF2758066300032BB6 /* SMSVerificationViewModel.swift */,
			);
			path = ViewModel;
			sourceTree = "<group>";
		};
		2649D8B72745A25300C36611 /* Controllers */ = {
			isa = PBXGroup;
			children = (
				2649D897273F1D0200C36611 /* SignInViewController.swift */,
				2649D8B22745A20700C36611 /* VerifyPhoneNumberViewController.swift */,
				269CE0AB27503500002374A0 /* CountryCodeListViewController.swift */,
				261146DD2758065300032BB6 /* SMSVerificationViewController.swift */,
			);
			path = Controllers;
			sourceTree = "<group>";
		};
		2649D8B82745A45E00C36611 /* Core */ = {
			isa = PBXGroup;
			children = (
			);
			path = Core;
			sourceTree = "<group>";
		};
		2649D8BC2745A4B200C36611 /* Models */ = {
			isa = PBXGroup;
			children = (
			);
			path = Models;
			sourceTree = "<group>";
		};
		267865322745B12800DF062E /* Frameworks */ = {
			isa = PBXGroup;
			children = (
				26A5820327556E2C00199A43 /* SimpleChatAppAPI.framework */,
				267865332745B12800DF062E /* SimpleChatAppAPI.framework */,
				314B1A90B54BC835DA544509 /* Pods_SimpleChatApp.framework */,
				4C68F2973F4BDDB5DCFEFC7C /* Pods_SimpleChatApp_SimpleChatAppUITests.framework */,
				92A0569900B0FA44019EBD5E /* Pods_SimpleChatAppTests.framework */,
			);
			name = Frameworks;
			sourceTree = "<group>";
		};
		269CE0AF27516AE0002374A0 /* TableViewCell */ = {
			isa = PBXGroup;
			children = (
				269CE0B027516EEF002374A0 /* CountryCodeTableViewCell.xib */,
				269CE0B427517962002374A0 /* CountryCodeTableViewCell.swift */,
			);
			path = TableViewCell;
			sourceTree = "<group>";
		};
		AEFB8C2F06E8B224A94CAB17 /* Pods */ = {
			isa = PBXGroup;
			children = (
				57509094D0A8D5B8B73A69BE /* Pods-SimpleChatApp.debug.xcconfig */,
				1AD5E4EEDD4364971B364B79 /* Pods-SimpleChatApp.release.xcconfig */,
				DFB18A7BFEFEE159FDD40A1F /* Pods-SimpleChatApp-SimpleChatAppUITests.debug.xcconfig */,
				D0AB81E71D8441A2A0A54601 /* Pods-SimpleChatApp-SimpleChatAppUITests.release.xcconfig */,
				BDFD2C749BC66B5FAE947E08 /* Pods-SimpleChatAppTests.debug.xcconfig */,
				E5656A2349709E5C8940223A /* Pods-SimpleChatAppTests.release.xcconfig */,
			);
			path = Pods;
			sourceTree = "<group>";
		};
/* End PBXGroup section */

/* Begin PBXNativeTarget section */
		261AC054273C67E200F3F1EA /* SimpleChatApp */ = {
			isa = PBXNativeTarget;
			buildConfigurationList = 261AC07F273C67E400F3F1EA /* Build configuration list for PBXNativeTarget "SimpleChatApp" */;
			buildPhases = (
				5FD2196E210973747B7DC025 /* [CP] Check Pods Manifest.lock */,
				261AC051273C67E200F3F1EA /* Sources */,
				261AC052273C67E200F3F1EA /* Frameworks */,
				261AC053273C67E200F3F1EA /* Resources */,
				D9006B7D19B36F565884F173 /* [CP] Embed Pods Frameworks */,
			);
			buildRules = (
			);
			dependencies = (
			);
			name = SimpleChatApp;
			productName = SimpleChatApp;
			productReference = 261AC055273C67E200F3F1EA /* SimpleChatApp.app */;
			productType = "com.apple.product-type.application";
		};
		261AC06A273C67E400F3F1EA /* SimpleChatAppTests */ = {
			isa = PBXNativeTarget;
			buildConfigurationList = 261AC082273C67E400F3F1EA /* Build configuration list for PBXNativeTarget "SimpleChatAppTests" */;
			buildPhases = (
				508C95749B6A4EBCB62D2D9B /* [CP] Check Pods Manifest.lock */,
				261AC067273C67E400F3F1EA /* Sources */,
				261AC068273C67E400F3F1EA /* Frameworks */,
				261AC069273C67E400F3F1EA /* Resources */,
			);
			buildRules = (
			);
			dependencies = (
				261AC06D273C67E400F3F1EA /* PBXTargetDependency */,
			);
			name = SimpleChatAppTests;
			productName = SimpleChatAppTests;
			productReference = 261AC06B273C67E400F3F1EA /* SimpleChatAppTests.xctest */;
			productType = "com.apple.product-type.bundle.unit-test";
		};
		261AC075273C67E400F3F1EA /* SimpleChatAppUITests */ = {
			isa = PBXNativeTarget;
			buildConfigurationList = 261AC085273C67E400F3F1EA /* Build configuration list for PBXNativeTarget "SimpleChatAppUITests" */;
			buildPhases = (
				3A09621D3F770B1AF3A0224D /* [CP] Check Pods Manifest.lock */,
				261AC072273C67E400F3F1EA /* Sources */,
				261AC073273C67E400F3F1EA /* Frameworks */,
				261AC074273C67E400F3F1EA /* Resources */,
				69784CCA3DE588BB9650003A /* [CP] Embed Pods Frameworks */,
			);
			buildRules = (
			);
			dependencies = (
				261AC078273C67E400F3F1EA /* PBXTargetDependency */,
			);
			name = SimpleChatAppUITests;
			productName = SimpleChatAppUITests;
			productReference = 261AC076273C67E400F3F1EA /* SimpleChatAppUITests.xctest */;
			productType = "com.apple.product-type.bundle.ui-testing";
		};
/* End PBXNativeTarget section */

/* Begin PBXProject section */
		261AC04D273C67E200F3F1EA /* Project object */ = {
			isa = PBXProject;
			attributes = {
				LastSwiftUpdateCheck = 1250;
				LastUpgradeCheck = 1250;
				TargetAttributes = {
					261AC054273C67E200F3F1EA = {
						CreatedOnToolsVersion = 12.5;
					};
					261AC06A273C67E400F3F1EA = {
						CreatedOnToolsVersion = 12.5;
						TestTargetID = 261AC054273C67E200F3F1EA;
					};
					261AC075273C67E400F3F1EA = {
						CreatedOnToolsVersion = 12.5;
						TestTargetID = 261AC054273C67E200F3F1EA;
					};
				};
			};
			buildConfigurationList = 261AC050273C67E200F3F1EA /* Build configuration list for PBXProject "SimpleChatApp" */;
			compatibilityVersion = "Xcode 9.3";
			developmentRegion = en;
			hasScannedForEncodings = 0;
			knownRegions = (
				en,
				Base,
			);
			mainGroup = 261AC04C273C67E200F3F1EA;
			productRefGroup = 261AC056273C67E200F3F1EA /* Products */;
			projectDirPath = "";
			projectRoot = "";
			targets = (
				261AC054273C67E200F3F1EA /* SimpleChatApp */,
				261AC06A273C67E400F3F1EA /* SimpleChatAppTests */,
				261AC075273C67E400F3F1EA /* SimpleChatAppUITests */,
			);
		};
/* End PBXProject section */

/* Begin PBXResourcesBuildPhase section */
		261AC053273C67E200F3F1EA /* Resources */ = {
			isa = PBXResourcesBuildPhase;
			buildActionMask = 2147483647;
			files = (
				261AC094273C748400F3F1EA /* SignIn.storyboard in Resources */,
				269CE0B127516EEF002374A0 /* CountryCodeTableViewCell.xib in Resources */,
				261AC065273C67E300F3F1EA /* LaunchScreen.storyboard in Resources */,
				261AC062273C67E300F3F1EA /* Assets.xcassets in Resources */,
				261AC060273C67E200F3F1EA /* Main.storyboard in Resources */,
				260A5F61275565B6004EE581 /* GoogleService-Info.plist in Resources */,
			);
			runOnlyForDeploymentPostprocessing = 0;
		};
		261AC069273C67E400F3F1EA /* Resources */ = {
			isa = PBXResourcesBuildPhase;
			buildActionMask = 2147483647;
			files = (
			);
			runOnlyForDeploymentPostprocessing = 0;
		};
		261AC074273C67E400F3F1EA /* Resources */ = {
			isa = PBXResourcesBuildPhase;
			buildActionMask = 2147483647;
			files = (
			);
			runOnlyForDeploymentPostprocessing = 0;
		};
/* End PBXResourcesBuildPhase section */

/* Begin PBXShellScriptBuildPhase section */
		3A09621D3F770B1AF3A0224D /* [CP] Check Pods Manifest.lock */ = {
			isa = PBXShellScriptBuildPhase;
			buildActionMask = 2147483647;
			files = (
			);
			inputFileListPaths = (
			);
			inputPaths = (
				"${PODS_PODFILE_DIR_PATH}/Podfile.lock",
				"${PODS_ROOT}/Manifest.lock",
			);
			name = "[CP] Check Pods Manifest.lock";
			outputFileListPaths = (
			);
			outputPaths = (
				"$(DERIVED_FILE_DIR)/Pods-SimpleChatApp-SimpleChatAppUITests-checkManifestLockResult.txt",
			);
			runOnlyForDeploymentPostprocessing = 0;
			shellPath = /bin/sh;
			shellScript = "diff \"${PODS_PODFILE_DIR_PATH}/Podfile.lock\" \"${PODS_ROOT}/Manifest.lock\" > /dev/null\nif [ $? != 0 ] ; then\n    # print error to STDERR\n    echo \"error: The sandbox is not in sync with the Podfile.lock. Run 'pod install' or update your CocoaPods installation.\" >&2\n    exit 1\nfi\n# This output is used by Xcode 'outputs' to avoid re-running this script phase.\necho \"SUCCESS\" > \"${SCRIPT_OUTPUT_FILE_0}\"\n";
			showEnvVarsInLog = 0;
		};
		508C95749B6A4EBCB62D2D9B /* [CP] Check Pods Manifest.lock */ = {
			isa = PBXShellScriptBuildPhase;
			buildActionMask = 2147483647;
			files = (
			);
			inputFileListPaths = (
			);
			inputPaths = (
				"${PODS_PODFILE_DIR_PATH}/Podfile.lock",
				"${PODS_ROOT}/Manifest.lock",
			);
			name = "[CP] Check Pods Manifest.lock";
			outputFileListPaths = (
			);
			outputPaths = (
				"$(DERIVED_FILE_DIR)/Pods-SimpleChatAppTests-checkManifestLockResult.txt",
			);
			runOnlyForDeploymentPostprocessing = 0;
			shellPath = /bin/sh;
			shellScript = "diff \"${PODS_PODFILE_DIR_PATH}/Podfile.lock\" \"${PODS_ROOT}/Manifest.lock\" > /dev/null\nif [ $? != 0 ] ; then\n    # print error to STDERR\n    echo \"error: The sandbox is not in sync with the Podfile.lock. Run 'pod install' or update your CocoaPods installation.\" >&2\n    exit 1\nfi\n# This output is used by Xcode 'outputs' to avoid re-running this script phase.\necho \"SUCCESS\" > \"${SCRIPT_OUTPUT_FILE_0}\"\n";
			showEnvVarsInLog = 0;
		};
		5FD2196E210973747B7DC025 /* [CP] Check Pods Manifest.lock */ = {
			isa = PBXShellScriptBuildPhase;
			buildActionMask = 2147483647;
			files = (
			);
			inputFileListPaths = (
			);
			inputPaths = (
				"${PODS_PODFILE_DIR_PATH}/Podfile.lock",
				"${PODS_ROOT}/Manifest.lock",
			);
			name = "[CP] Check Pods Manifest.lock";
			outputFileListPaths = (
			);
			outputPaths = (
				"$(DERIVED_FILE_DIR)/Pods-SimpleChatApp-checkManifestLockResult.txt",
			);
			runOnlyForDeploymentPostprocessing = 0;
			shellPath = /bin/sh;
			shellScript = "diff \"${PODS_PODFILE_DIR_PATH}/Podfile.lock\" \"${PODS_ROOT}/Manifest.lock\" > /dev/null\nif [ $? != 0 ] ; then\n    # print error to STDERR\n    echo \"error: The sandbox is not in sync with the Podfile.lock. Run 'pod install' or update your CocoaPods installation.\" >&2\n    exit 1\nfi\n# This output is used by Xcode 'outputs' to avoid re-running this script phase.\necho \"SUCCESS\" > \"${SCRIPT_OUTPUT_FILE_0}\"\n";
			showEnvVarsInLog = 0;
		};
		69784CCA3DE588BB9650003A /* [CP] Embed Pods Frameworks */ = {
			isa = PBXShellScriptBuildPhase;
			buildActionMask = 2147483647;
			files = (
			);
			inputFileListPaths = (
				"${PODS_ROOT}/Target Support Files/Pods-SimpleChatApp-SimpleChatAppUITests/Pods-SimpleChatApp-SimpleChatAppUITests-frameworks-${CONFIGURATION}-input-files.xcfilelist",
			);
			name = "[CP] Embed Pods Frameworks";
			outputFileListPaths = (
				"${PODS_ROOT}/Target Support Files/Pods-SimpleChatApp-SimpleChatAppUITests/Pods-SimpleChatApp-SimpleChatAppUITests-frameworks-${CONFIGURATION}-output-files.xcfilelist",
			);
			runOnlyForDeploymentPostprocessing = 0;
			shellPath = /bin/sh;
			shellScript = "\"${PODS_ROOT}/Target Support Files/Pods-SimpleChatApp-SimpleChatAppUITests/Pods-SimpleChatApp-SimpleChatAppUITests-frameworks.sh\"\n";
			showEnvVarsInLog = 0;
		};
		D9006B7D19B36F565884F173 /* [CP] Embed Pods Frameworks */ = {
			isa = PBXShellScriptBuildPhase;
			buildActionMask = 2147483647;
			files = (
			);
			inputFileListPaths = (
				"${PODS_ROOT}/Target Support Files/Pods-SimpleChatApp/Pods-SimpleChatApp-frameworks-${CONFIGURATION}-input-files.xcfilelist",
			);
			name = "[CP] Embed Pods Frameworks";
			outputFileListPaths = (
				"${PODS_ROOT}/Target Support Files/Pods-SimpleChatApp/Pods-SimpleChatApp-frameworks-${CONFIGURATION}-output-files.xcfilelist",
			);
			runOnlyForDeploymentPostprocessing = 0;
			shellPath = /bin/sh;
			shellScript = "\"${PODS_ROOT}/Target Support Files/Pods-SimpleChatApp/Pods-SimpleChatApp-frameworks.sh\"\n";
			showEnvVarsInLog = 0;
		};
/* End PBXShellScriptBuildPhase section */

/* Begin PBXSourcesBuildPhase section */
		261AC051273C67E200F3F1EA /* Sources */ = {
			isa = PBXSourcesBuildPhase;
			buildActionMask = 2147483647;
			files = (
				269CE0AE2750362D002374A0 /* CountryCodeListViewModel.swift in Sources */,
				2649D8A127430A5B00C36611 /* Storyboardable.swift in Sources */,
				2649D8B12744566300C36611 /* UITextView+Extensions.swift in Sources */,
				2649D8A827444AB100C36611 /* MainViewController.swift in Sources */,
				269CE0A8274EE395002374A0 /* KeyboardLayoutConstraint.swift in Sources */,
				2649D8A627444A7D00C36611 /* MainCoordinator.swift in Sources */,
				261AC0A1273C78BE00F3F1EA /* utils.swift in Sources */,
				261146E02758066300032BB6 /* SMSVerificationViewModel.swift in Sources */,
				2649D8B62745A24E00C36611 /* VerifyPhoneNumberViewModel.swift in Sources */,
				2649D89A274037BB00C36611 /* AppCoordinator.swift in Sources */,
				269CE0AC27503500002374A0 /* CountryCodeListViewController.swift in Sources */,
				261AC059273C67E200F3F1EA /* AppDelegate.swift in Sources */,
				2649D8B32745A20700C36611 /* VerifyPhoneNumberViewController.swift in Sources */,
				269CE0B527517962002374A0 /* CountryCodeTableViewCell.swift in Sources */,
				2649D8AA27444ADB00C36611 /* MainViewModel.swift in Sources */,
				269CE0B72751810F002374A0 /* UITableViewCell+Extensions.swift in Sources */,
				261146DE2758065300032BB6 /* SMSVerificationViewController.swift in Sources */,
				2649D89C2740495A00C36611 /* SceneDelegate.swift in Sources */,
				269CE0AA274EEBFE002374A0 /* UITextField+Extensions.swift in Sources */,
				2649D8A3274313FD00C36611 /* Coordinator.swift in Sources */,
				261AC098273C74AC00F3F1EA /* SignInViewModel.swift in Sources */,
				2649D8AE27444C5A00C36611 /* MainTabBarViewController.swift in Sources */,
				261AC092273C746B00F3F1EA /* SignInCoordinator.swift in Sources */,
				2649D898273F1D0200C36611 /* SignInViewController.swift in Sources */,
				261AC09E273C769500F3F1EA /* AppStoryboard.swift in Sources */,
			);
			runOnlyForDeploymentPostprocessing = 0;
		};
		261AC067273C67E400F3F1EA /* Sources */ = {
			isa = PBXSourcesBuildPhase;
			buildActionMask = 2147483647;
			files = (
				261AC070273C67E400F3F1EA /* SimpleChatAppTests.swift in Sources */,
			);
			runOnlyForDeploymentPostprocessing = 0;
		};
		261AC072273C67E400F3F1EA /* Sources */ = {
			isa = PBXSourcesBuildPhase;
			buildActionMask = 2147483647;
			files = (
				261AC07B273C67E400F3F1EA /* SimpleChatAppUITests.swift in Sources */,
			);
			runOnlyForDeploymentPostprocessing = 0;
		};
/* End PBXSourcesBuildPhase section */

/* Begin PBXTargetDependency section */
		261AC06D273C67E400F3F1EA /* PBXTargetDependency */ = {
			isa = PBXTargetDependency;
			target = 261AC054273C67E200F3F1EA /* SimpleChatApp */;
			targetProxy = 261AC06C273C67E400F3F1EA /* PBXContainerItemProxy */;
		};
		261AC078273C67E400F3F1EA /* PBXTargetDependency */ = {
			isa = PBXTargetDependency;
			target = 261AC054273C67E200F3F1EA /* SimpleChatApp */;
			targetProxy = 261AC077273C67E400F3F1EA /* PBXContainerItemProxy */;
		};
/* End PBXTargetDependency section */

/* Begin PBXVariantGroup section */
		261AC05E273C67E200F3F1EA /* Main.storyboard */ = {
			isa = PBXVariantGroup;
			children = (
				261AC05F273C67E200F3F1EA /* Base */,
			);
			name = Main.storyboard;
			sourceTree = "<group>";
		};
		261AC063273C67E300F3F1EA /* LaunchScreen.storyboard */ = {
			isa = PBXVariantGroup;
			children = (
				261AC064273C67E300F3F1EA /* Base */,
			);
			name = LaunchScreen.storyboard;
			sourceTree = "<group>";
		};
/* End PBXVariantGroup section */

/* Begin XCBuildConfiguration section */
		261AC07D273C67E400F3F1EA /* Debug */ = {
			isa = XCBuildConfiguration;
			buildSettings = {
				ALWAYS_SEARCH_USER_PATHS = NO;
				CLANG_ANALYZER_NONNULL = YES;
				CLANG_ANALYZER_NUMBER_OBJECT_CONVERSION = YES_AGGRESSIVE;
				CLANG_CXX_LANGUAGE_STANDARD = "gnu++14";
				CLANG_CXX_LIBRARY = "libc++";
				CLANG_ENABLE_MODULES = YES;
				CLANG_ENABLE_OBJC_ARC = YES;
				CLANG_ENABLE_OBJC_WEAK = YES;
				CLANG_WARN_BLOCK_CAPTURE_AUTORELEASING = YES;
				CLANG_WARN_BOOL_CONVERSION = YES;
				CLANG_WARN_COMMA = YES;
				CLANG_WARN_CONSTANT_CONVERSION = YES;
				CLANG_WARN_DEPRECATED_OBJC_IMPLEMENTATIONS = YES;
				CLANG_WARN_DIRECT_OBJC_ISA_USAGE = YES_ERROR;
				CLANG_WARN_DOCUMENTATION_COMMENTS = YES;
				CLANG_WARN_EMPTY_BODY = YES;
				CLANG_WARN_ENUM_CONVERSION = YES;
				CLANG_WARN_INFINITE_RECURSION = YES;
				CLANG_WARN_INT_CONVERSION = YES;
				CLANG_WARN_NON_LITERAL_NULL_CONVERSION = YES;
				CLANG_WARN_OBJC_IMPLICIT_RETAIN_SELF = YES;
				CLANG_WARN_OBJC_LITERAL_CONVERSION = YES;
				CLANG_WARN_OBJC_ROOT_CLASS = YES_ERROR;
				CLANG_WARN_QUOTED_INCLUDE_IN_FRAMEWORK_HEADER = YES;
				CLANG_WARN_RANGE_LOOP_ANALYSIS = YES;
				CLANG_WARN_STRICT_PROTOTYPES = YES;
				CLANG_WARN_SUSPICIOUS_MOVE = YES;
				CLANG_WARN_UNGUARDED_AVAILABILITY = YES_AGGRESSIVE;
				CLANG_WARN_UNREACHABLE_CODE = YES;
				CLANG_WARN__DUPLICATE_METHOD_MATCH = YES;
				COPY_PHASE_STRIP = NO;
				DEBUG_INFORMATION_FORMAT = dwarf;
				ENABLE_STRICT_OBJC_MSGSEND = YES;
				ENABLE_TESTABILITY = YES;
				GCC_C_LANGUAGE_STANDARD = gnu11;
				GCC_DYNAMIC_NO_PIC = NO;
				GCC_NO_COMMON_BLOCKS = YES;
				GCC_OPTIMIZATION_LEVEL = 0;
				GCC_PREPROCESSOR_DEFINITIONS = (
					"DEBUG=1",
					"$(inherited)",
				);
				GCC_WARN_64_TO_32_BIT_CONVERSION = YES;
				GCC_WARN_ABOUT_RETURN_TYPE = YES_ERROR;
				GCC_WARN_UNDECLARED_SELECTOR = YES;
				GCC_WARN_UNINITIALIZED_AUTOS = YES_AGGRESSIVE;
				GCC_WARN_UNUSED_FUNCTION = YES;
				GCC_WARN_UNUSED_VARIABLE = YES;
				IPHONEOS_DEPLOYMENT_TARGET = 14.5;
				MTL_ENABLE_DEBUG_INFO = INCLUDE_SOURCE;
				MTL_FAST_MATH = YES;
				ONLY_ACTIVE_ARCH = YES;
				SDKROOT = iphoneos;
				SWIFT_ACTIVE_COMPILATION_CONDITIONS = DEBUG;
				SWIFT_OPTIMIZATION_LEVEL = "-Onone";
			};
			name = Debug;
		};
		261AC07E273C67E400F3F1EA /* Release */ = {
			isa = XCBuildConfiguration;
			buildSettings = {
				ALWAYS_SEARCH_USER_PATHS = NO;
				CLANG_ANALYZER_NONNULL = YES;
				CLANG_ANALYZER_NUMBER_OBJECT_CONVERSION = YES_AGGRESSIVE;
				CLANG_CXX_LANGUAGE_STANDARD = "gnu++14";
				CLANG_CXX_LIBRARY = "libc++";
				CLANG_ENABLE_MODULES = YES;
				CLANG_ENABLE_OBJC_ARC = YES;
				CLANG_ENABLE_OBJC_WEAK = YES;
				CLANG_WARN_BLOCK_CAPTURE_AUTORELEASING = YES;
				CLANG_WARN_BOOL_CONVERSION = YES;
				CLANG_WARN_COMMA = YES;
				CLANG_WARN_CONSTANT_CONVERSION = YES;
				CLANG_WARN_DEPRECATED_OBJC_IMPLEMENTATIONS = YES;
				CLANG_WARN_DIRECT_OBJC_ISA_USAGE = YES_ERROR;
				CLANG_WARN_DOCUMENTATION_COMMENTS = YES;
				CLANG_WARN_EMPTY_BODY = YES;
				CLANG_WARN_ENUM_CONVERSION = YES;
				CLANG_WARN_INFINITE_RECURSION = YES;
				CLANG_WARN_INT_CONVERSION = YES;
				CLANG_WARN_NON_LITERAL_NULL_CONVERSION = YES;
				CLANG_WARN_OBJC_IMPLICIT_RETAIN_SELF = YES;
				CLANG_WARN_OBJC_LITERAL_CONVERSION = YES;
				CLANG_WARN_OBJC_ROOT_CLASS = YES_ERROR;
				CLANG_WARN_QUOTED_INCLUDE_IN_FRAMEWORK_HEADER = YES;
				CLANG_WARN_RANGE_LOOP_ANALYSIS = YES;
				CLANG_WARN_STRICT_PROTOTYPES = YES;
				CLANG_WARN_SUSPICIOUS_MOVE = YES;
				CLANG_WARN_UNGUARDED_AVAILABILITY = YES_AGGRESSIVE;
				CLANG_WARN_UNREACHABLE_CODE = YES;
				CLANG_WARN__DUPLICATE_METHOD_MATCH = YES;
				COPY_PHASE_STRIP = NO;
				DEBUG_INFORMATION_FORMAT = "dwarf-with-dsym";
				ENABLE_NS_ASSERTIONS = NO;
				ENABLE_STRICT_OBJC_MSGSEND = YES;
				GCC_C_LANGUAGE_STANDARD = gnu11;
				GCC_NO_COMMON_BLOCKS = YES;
				GCC_WARN_64_TO_32_BIT_CONVERSION = YES;
				GCC_WARN_ABOUT_RETURN_TYPE = YES_ERROR;
				GCC_WARN_UNDECLARED_SELECTOR = YES;
				GCC_WARN_UNINITIALIZED_AUTOS = YES_AGGRESSIVE;
				GCC_WARN_UNUSED_FUNCTION = YES;
				GCC_WARN_UNUSED_VARIABLE = YES;
				IPHONEOS_DEPLOYMENT_TARGET = 14.5;
				MTL_ENABLE_DEBUG_INFO = NO;
				MTL_FAST_MATH = YES;
				SDKROOT = iphoneos;
				SWIFT_COMPILATION_MODE = wholemodule;
				SWIFT_OPTIMIZATION_LEVEL = "-O";
				VALIDATE_PRODUCT = YES;
			};
			name = Release;
		};
		261AC080273C67E400F3F1EA /* Debug */ = {
			isa = XCBuildConfiguration;
			baseConfigurationReference = 57509094D0A8D5B8B73A69BE /* Pods-SimpleChatApp.debug.xcconfig */;
			buildSettings = {
				ASSETCATALOG_COMPILER_APPICON_NAME = AppIcon;
				ASSETCATALOG_COMPILER_GLOBAL_ACCENT_COLOR_NAME = AccentColor;
				CODE_SIGN_STYLE = Automatic;
				DEVELOPMENT_TEAM = F8J4KLEWB8;
				INFOPLIST_FILE = SimpleChatApp/Info.plist;
				LD_RUNPATH_SEARCH_PATHS = (
					"$(inherited)",
					"@executable_path/Frameworks",
				);
				PRODUCT_BUNDLE_IDENTIFIER = com.ia.SimpleChatApp;
				PRODUCT_NAME = "$(TARGET_NAME)";
				SWIFT_VERSION = 5.0;
				TARGETED_DEVICE_FAMILY = "1,2";
			};
			name = Debug;
		};
		261AC081273C67E400F3F1EA /* Release */ = {
			isa = XCBuildConfiguration;
			baseConfigurationReference = 1AD5E4EEDD4364971B364B79 /* Pods-SimpleChatApp.release.xcconfig */;
			buildSettings = {
				ASSETCATALOG_COMPILER_APPICON_NAME = AppIcon;
				ASSETCATALOG_COMPILER_GLOBAL_ACCENT_COLOR_NAME = AccentColor;
				CODE_SIGN_STYLE = Automatic;
				DEVELOPMENT_TEAM = F8J4KLEWB8;
				INFOPLIST_FILE = SimpleChatApp/Info.plist;
				LD_RUNPATH_SEARCH_PATHS = (
					"$(inherited)",
					"@executable_path/Frameworks",
				);
				PRODUCT_BUNDLE_IDENTIFIER = com.ia.SimpleChatApp;
				PRODUCT_NAME = "$(TARGET_NAME)";
				SWIFT_VERSION = 5.0;
				TARGETED_DEVICE_FAMILY = "1,2";
			};
			name = Release;
		};
		261AC083273C67E400F3F1EA /* Debug */ = {
			isa = XCBuildConfiguration;
			baseConfigurationReference = BDFD2C749BC66B5FAE947E08 /* Pods-SimpleChatAppTests.debug.xcconfig */;
			buildSettings = {
				ALWAYS_EMBED_SWIFT_STANDARD_LIBRARIES = YES;
				BUNDLE_LOADER = "$(TEST_HOST)";
				CODE_SIGN_STYLE = Automatic;
				DEVELOPMENT_TEAM = F8J4KLEWB8;
				INFOPLIST_FILE = SimpleChatAppTests/Info.plist;
				IPHONEOS_DEPLOYMENT_TARGET = 14.5;
				LD_RUNPATH_SEARCH_PATHS = (
					"$(inherited)",
					"@executable_path/Frameworks",
					"@loader_path/Frameworks",
				);
				PRODUCT_BUNDLE_IDENTIFIER = com.ia.SimpleChatAppTests;
				PRODUCT_NAME = "$(TARGET_NAME)";
				SWIFT_VERSION = 5.0;
				TARGETED_DEVICE_FAMILY = "1,2";
				TEST_HOST = "$(BUILT_PRODUCTS_DIR)/SimpleChatApp.app/SimpleChatApp";
			};
			name = Debug;
		};
		261AC084273C67E400F3F1EA /* Release */ = {
			isa = XCBuildConfiguration;
			baseConfigurationReference = E5656A2349709E5C8940223A /* Pods-SimpleChatAppTests.release.xcconfig */;
			buildSettings = {
				ALWAYS_EMBED_SWIFT_STANDARD_LIBRARIES = YES;
				BUNDLE_LOADER = "$(TEST_HOST)";
				CODE_SIGN_STYLE = Automatic;
				DEVELOPMENT_TEAM = F8J4KLEWB8;
				INFOPLIST_FILE = SimpleChatAppTests/Info.plist;
				IPHONEOS_DEPLOYMENT_TARGET = 14.5;
				LD_RUNPATH_SEARCH_PATHS = (
					"$(inherited)",
					"@executable_path/Frameworks",
					"@loader_path/Frameworks",
				);
				PRODUCT_BUNDLE_IDENTIFIER = com.ia.SimpleChatAppTests;
				PRODUCT_NAME = "$(TARGET_NAME)";
				SWIFT_VERSION = 5.0;
				TARGETED_DEVICE_FAMILY = "1,2";
				TEST_HOST = "$(BUILT_PRODUCTS_DIR)/SimpleChatApp.app/SimpleChatApp";
			};
			name = Release;
		};
		261AC086273C67E400F3F1EA /* Debug */ = {
			isa = XCBuildConfiguration;
			baseConfigurationReference = DFB18A7BFEFEE159FDD40A1F /* Pods-SimpleChatApp-SimpleChatAppUITests.debug.xcconfig */;
			buildSettings = {
				ALWAYS_EMBED_SWIFT_STANDARD_LIBRARIES = YES;
				CODE_SIGN_STYLE = Automatic;
				DEVELOPMENT_TEAM = F8J4KLEWB8;
				INFOPLIST_FILE = SimpleChatAppUITests/Info.plist;
				LD_RUNPATH_SEARCH_PATHS = (
					"$(inherited)",
					"@executable_path/Frameworks",
					"@loader_path/Frameworks",
				);
				PRODUCT_BUNDLE_IDENTIFIER = com.ia.SimpleChatAppUITests;
				PRODUCT_NAME = "$(TARGET_NAME)";
				SWIFT_VERSION = 5.0;
				TARGETED_DEVICE_FAMILY = "1,2";
				TEST_TARGET_NAME = SimpleChatApp;
			};
			name = Debug;
		};
		261AC087273C67E400F3F1EA /* Release */ = {
			isa = XCBuildConfiguration;
			baseConfigurationReference = D0AB81E71D8441A2A0A54601 /* Pods-SimpleChatApp-SimpleChatAppUITests.release.xcconfig */;
			buildSettings = {
				ALWAYS_EMBED_SWIFT_STANDARD_LIBRARIES = YES;
				CODE_SIGN_STYLE = Automatic;
				DEVELOPMENT_TEAM = F8J4KLEWB8;
				INFOPLIST_FILE = SimpleChatAppUITests/Info.plist;
				LD_RUNPATH_SEARCH_PATHS = (
					"$(inherited)",
					"@executable_path/Frameworks",
					"@loader_path/Frameworks",
				);
				PRODUCT_BUNDLE_IDENTIFIER = com.ia.SimpleChatAppUITests;
				PRODUCT_NAME = "$(TARGET_NAME)";
				SWIFT_VERSION = 5.0;
				TARGETED_DEVICE_FAMILY = "1,2";
				TEST_TARGET_NAME = SimpleChatApp;
			};
			name = Release;
		};
/* End XCBuildConfiguration section */

/* Begin XCConfigurationList section */
		261AC050273C67E200F3F1EA /* Build configuration list for PBXProject "SimpleChatApp" */ = {
			isa = XCConfigurationList;
			buildConfigurations = (
				261AC07D273C67E400F3F1EA /* Debug */,
				261AC07E273C67E400F3F1EA /* Release */,
			);
			defaultConfigurationIsVisible = 0;
			defaultConfigurationName = Release;
		};
		261AC07F273C67E400F3F1EA /* Build configuration list for PBXNativeTarget "SimpleChatApp" */ = {
			isa = XCConfigurationList;
			buildConfigurations = (
				261AC080273C67E400F3F1EA /* Debug */,
				261AC081273C67E400F3F1EA /* Release */,
			);
			defaultConfigurationIsVisible = 0;
			defaultConfigurationName = Release;
		};
		261AC082273C67E400F3F1EA /* Build configuration list for PBXNativeTarget "SimpleChatAppTests" */ = {
			isa = XCConfigurationList;
			buildConfigurations = (
				261AC083273C67E400F3F1EA /* Debug */,
				261AC084273C67E400F3F1EA /* Release */,
			);
			defaultConfigurationIsVisible = 0;
			defaultConfigurationName = Release;
		};
		261AC085273C67E400F3F1EA /* Build configuration list for PBXNativeTarget "SimpleChatAppUITests" */ = {
			isa = XCConfigurationList;
			buildConfigurations = (
				261AC086273C67E400F3F1EA /* Debug */,
				261AC087273C67E400F3F1EA /* Release */,
			);
			defaultConfigurationIsVisible = 0;
			defaultConfigurationName = Release;
		};
/* End XCConfigurationList section */
	};
	rootObject = 261AC04D273C67E200F3F1EA /* Project object */;
}
